
Microsoft Visual Studio Solution File, Format Version 12.00
# Visual Studio Version 16
VisualStudioVersion = 16.0.31410.357
MinimumVisualStudioVersion = 10.0.40219.1
Project("{9A19103F-16F7-4668-BE54-9A1E7A4F7556}") = "Web.API", "Web.API\Web.API.csproj", "{965A4743-803F-4FB3-9C87-765E6DEEDF5A}"
EndProject
Project("{9A19103F-16F7-4668-BE54-9A1E7A4F7556}") = "Web.Services", "Web.Services\Web.Services.csproj", "{3BD78CE4-59C1-417A-BB9C-B126FD101DF8}"
EndProject
Project("{9A19103F-16F7-4668-BE54-9A1E7A4F7556}") = "Web.Data", "Web.Data\Web.Data.csproj", "{5765985C-8431-4C76-9C8E-DA993D1BE8B8}"
EndProject
Project("{9A19103F-16F7-4668-BE54-9A1E7A4F7556}") = "Web.Model", "Web.Model\Web.Model.csproj", "{69A071A6-6D00-4E79-BAF6-9A7E1C29D303}"
EndProject
Global
	GlobalSection(SolutionConfigurationPlatforms) = preSolution
		Debug|Any CPU = Debug|Any CPU
		Release|Any CPU = Release|Any CPU
	EndGlobalSection
	GlobalSection(ProjectConfigurationPlatforms) = postSolution
		{965A4743-803F-4FB3-9C87-765E6DEEDF5A}.Debug|Any CPU.ActiveCfg = Debug|Any CPU
		{965A4743-803F-4FB3-9C87-765E6DEEDF5A}.Debug|Any CPU.Build.0 = Debug|Any CPU
		{965A4743-803F-4FB3-9C87-765E6DEEDF5A}.Release|Any CPU.ActiveCfg = Release|Any CPU
		{965A4743-803F-4FB3-9C87-765E6DEEDF5A}.Release|Any CPU.Build.0 = Release|Any CPU
		{3BD78CE4-59C1-417A-BB9C-B126FD101DF8}.Debug|Any CPU.ActiveCfg = Debug|Any CPU
		{3BD78CE4-59C1-417A-BB9C-B126FD101DF8}.Debug|Any CPU.Build.0 = Debug|Any CPU
		{3BD78CE4-59C1-417A-BB9C-B126FD101DF8}.Release|Any CPU.ActiveCfg = Release|Any CPU
		{3BD78CE4-59C1-417A-BB9C-B126FD101DF8}.Release|Any CPU.Build.0 = Release|Any CPU
		{5765985C-8431-4C76-9C8E-DA993D1BE8B8}.Debug|Any CPU.ActiveCfg = Debug|Any CPU
		{5765985C-8431-4C76-9C8E-DA993D1BE8B8}.Debug|Any CPU.Build.0 = Debug|Any CPU
		{5765985C-8431-4C76-9C8E-DA993D1BE8B8}.Release|Any CPU.ActiveCfg = Release|Any CPU
		{5765985C-8431-4C76-9C8E-DA993D1BE8B8}.Release|Any CPU.Build.0 = Release|Any CPU
		{69A071A6-6D00-4E79-BAF6-9A7E1C29D303}.Debug|Any CPU.ActiveCfg = Debug|Any CPU
		{69A071A6-6D00-4E79-BAF6-9A7E1C29D303}.Debug|Any CPU.Build.0 = Debug|Any CPU
		{69A071A6-6D00-4E79-BAF6-9A7E1C29D303}.Release|Any CPU.ActiveCfg = Release|Any CPU
		{69A071A6-6D00-4E79-BAF6-9A7E1C29D303}.Release|Any CPU.Build.0 = Release|Any CPU
	EndGlobalSection
	GlobalSection(SolutionProperties) = preSolution
		HideSolutionNode = FALSE
	EndGlobalSection
	GlobalSection(ExtensibilityGlobals) = postSolution
		SolutionGuid = {ACFDD5FD-39A5-45DB-A07B-0AF8E1524E98}
	EndGlobalSection
EndGlobal
